// !$*UTF8*$!
{
	archiveVersion = 1;
	classes = {
	};
	objectVersion = 52;
	objects = {

/* Begin PBXBuildFile section */
		0F5D1E94253CC90E00D35998 /* Paddle.swift in Sources */ = {isa = PBXBuildFile; fileRef = 0F5D1E93253CC90D00D35998 /* Paddle.swift */; };
		0F5D1E99253CD09D00D35998 /* Maps.swift in Sources */ = {isa = PBXBuildFile; fileRef = 0F5D1E98253CD09D00D35998 /* Maps.swift */; };
		0F6EE5BF253A239500883121 /* Defination.swift in Sources */ = {isa = PBXBuildFile; fileRef = 0F6EE5BE253A239500883121 /* Defination.swift */; };
		0F6EE5C4253A23AF00883121 /* Ball.swift in Sources */ = {isa = PBXBuildFile; fileRef = 0F6EE5C3253A23AF00883121 /* Ball.swift */; };
		0F7811F9253A2B3F006E96CE /* Brick.swift in Sources */ = {isa = PBXBuildFile; fileRef = 0F7811F8253A2B3F006E96CE /* Brick.swift */; };
		0FA25F9F25472C010082FDBC /* Fire.sks in Resources */ = {isa = PBXBuildFile; fileRef = 0FA25F9E25472C010082FDBC /* Fire.sks */; };
		0FC76495254087D70020B4B8 /* WaitingForGameStart.swift in Sources */ = {isa = PBXBuildFile; fileRef = 0FC76494254087D70020B4B8 /* WaitingForGameStart.swift */; };
		0FC7649A254088440020B4B8 /* PlayingGame.swift in Sources */ = {isa = PBXBuildFile; fileRef = 0FC76499254088440020B4B8 /* PlayingGame.swift */; };
		0FC7649F254088800020B4B8 /* GameOver.swift in Sources */ = {isa = PBXBuildFile; fileRef = 0FC7649E254088800020B4B8 /* GameOver.swift */; };
		A0C403B2253968C300DD4C85 /* AppDelegate.swift in Sources */ = {isa = PBXBuildFile; fileRef = A0C403B1253968C300DD4C85 /* AppDelegate.swift */; };
		A0C403B4253968C300DD4C85 /* GameScene.sks in Resources */ = {isa = PBXBuildFile; fileRef = A0C403B3253968C300DD4C85 /* GameScene.sks */; };
		A0C403B6253968C300DD4C85 /* Actions.sks in Resources */ = {isa = PBXBuildFile; fileRef = A0C403B5253968C300DD4C85 /* Actions.sks */; };
		A0C403B8253968C300DD4C85 /* GameScene.swift in Sources */ = {isa = PBXBuildFile; fileRef = A0C403B7253968C300DD4C85 /* GameScene.swift */; };
		A0C403BA253968C300DD4C85 /* GameViewController.swift in Sources */ = {isa = PBXBuildFile; fileRef = A0C403B9253968C300DD4C85 /* GameViewController.swift */; };
		A0C403BD253968C300DD4C85 /* Main.storyboard in Resources */ = {isa = PBXBuildFile; fileRef = A0C403BB253968C300DD4C85 /* Main.storyboard */; };
		A0C403BF253968CA00DD4C85 /* Assets.xcassets in Resources */ = {isa = PBXBuildFile; fileRef = A0C403BE253968CA00DD4C85 /* Assets.xcassets */; };
		A0C403C2253968CA00DD4C85 /* LaunchScreen.storyboard in Resources */ = {isa = PBXBuildFile; fileRef = A0C403C0253968CA00DD4C85 /* LaunchScreen.storyboard */; };
		A0C403CD253968CA00DD4C85 /* Brick_BusterTests.swift in Sources */ = {isa = PBXBuildFile; fileRef = A0C403CC253968CA00DD4C85 /* Brick_BusterTests.swift */; };
		A0C403D8253968CA00DD4C85 /* Brick_BusterUITests.swift in Sources */ = {isa = PBXBuildFile; fileRef = A0C403D7253968CA00DD4C85 /* Brick_BusterUITests.swift */; };
		A0C403E625396F4B00DD4C85 /* MainViewController.swift in Sources */ = {isa = PBXBuildFile; fileRef = A0C403E525396F4B00DD4C85 /* MainViewController.swift */; };
		A0C403E82539734900DD4C85 /* StageViewController.swift in Sources */ = {isa = PBXBuildFile; fileRef = A0C403E72539734900DD4C85 /* StageViewController.swift */; };
		A0C403EA2539F88F00DD4C85 /* LoginViewController.swift in Sources */ = {isa = PBXBuildFile; fileRef = A0C403E92539F88F00DD4C85 /* LoginViewController.swift */; };
		A0C403EC2539FD0F00DD4C85 /* StoreViewController.swift in Sources */ = {isa = PBXBuildFile; fileRef = A0C403EB2539FD0F00DD4C85 /* StoreViewController.swift */; };
		A0E762252543F2D000CDDE29 /* BlueButton.swift in Sources */ = {isa = PBXBuildFile; fileRef = A0E762242543F2D000CDDE29 /* BlueButton.swift */; };
		A0E762272543F54900CDDE29 /* Styles.swift in Sources */ = {isa = PBXBuildFile; fileRef = A0E762262543F54900CDDE29 /* Styles.swift */; };
		A0E762292543FA1100CDDE29 /* LoginText.swift in Sources */ = {isa = PBXBuildFile; fileRef = A0E762282543FA1100CDDE29 /* LoginText.swift */; };
		A0E7622B2544BECA00CDDE29 /* GreenButton.swift in Sources */ = {isa = PBXBuildFile; fileRef = A0E7622A2544BECA00CDDE29 /* GreenButton.swift */; };
		A0E7622D2544C2B800CDDE29 /* RankButton.swift in Sources */ = {isa = PBXBuildFile; fileRef = A0E7622C2544C2B800CDDE29 /* RankButton.swift */; };
		A0E7622F2544CB9D00CDDE29 /* SettingButton.swift in Sources */ = {isa = PBXBuildFile; fileRef = A0E7622E2544CB9D00CDDE29 /* SettingButton.swift */; };
		A0E762312544CF4700CDDE29 /* RedButton.swift in Sources */ = {isa = PBXBuildFile; fileRef = A0E762302544CF4700CDDE29 /* RedButton.swift */; };
		A0E762332544D1A000CDDE29 /* RankViewController.swift in Sources */ = {isa = PBXBuildFile; fileRef = A0E762322544D1A000CDDE29 /* RankViewController.swift */; };
		A0E762352544D45600CDDE29 /* SettingViewController.swift in Sources */ = {isa = PBXBuildFile; fileRef = A0E762342544D45600CDDE29 /* SettingViewController.swift */; };
		A0E7623825451B2600CDDE29 /* StageCollectionViewCell.swift in Sources */ = {isa = PBXBuildFile; fileRef = A0E7623625451B2600CDDE29 /* StageCollectionViewCell.swift */; };
		A0E7623925451B2600CDDE29 /* StageCollectionViewCell.xib in Resources */ = {isa = PBXBuildFile; fileRef = A0E7623725451B2600CDDE29 /* StageCollectionViewCell.xib */; };
		A0E7623B2545395B00CDDE29 /* btn_click_sound.mp3 in Resources */ = {isa = PBXBuildFile; fileRef = A0E7623A2545395B00CDDE29 /* btn_click_sound.mp3 */; };
		A0E7623F25454AEC00CDDE29 /* Astronomia.mp3 in Resources */ = {isa = PBXBuildFile; fileRef = A0E7623E25454AEB00CDDE29 /* Astronomia.mp3 */; };
		EB84F7A72540CF6800321F6D /* Tools.swift in Sources */ = {isa = PBXBuildFile; fileRef = EB84F7A62540CF6800321F6D /* Tools.swift */; };
		EB84F7C525460C5D00321F6D /* Break Block.sks in Resources */ = {isa = PBXBuildFile; fileRef = EB84F7C325460C5D00321F6D /* Break Block.sks */; };
		EB84F7C625460C5D00321F6D /* Assets.xcassets in Resources */ = {isa = PBXBuildFile; fileRef = EB84F7C425460C5D00321F6D /* Assets.xcassets */; };
		EB84F7EF2548901400321F6D /* DynamoDB in Frameworks */ = {isa = PBXBuildFile; productRef = EB84F7EE2548901400321F6D /* DynamoDB */; };
		EB84F7F42548905800321F6D /* DDB.swift in Sources */ = {isa = PBXBuildFile; fileRef = EB84F7F32548905800321F6D /* DDB.swift */; };
		EBF3AC2A253CE61D0006C931 /* Prop.swift in Sources */ = {isa = PBXBuildFile; fileRef = EBF3AC29253CE61D0006C931 /* Prop.swift */; };
/* End PBXBuildFile section */

/* Begin PBXContainerItemProxy section */
		A0C403C9253968CA00DD4C85 /* PBXContainerItemProxy */ = {
			isa = PBXContainerItemProxy;
			containerPortal = A0C403A6253968C200DD4C85 /* Project object */;
			proxyType = 1;
			remoteGlobalIDString = A0C403AD253968C300DD4C85;
			remoteInfo = "Brick Buster";
		};
		A0C403D4253968CA00DD4C85 /* PBXContainerItemProxy */ = {
			isa = PBXContainerItemProxy;
			containerPortal = A0C403A6253968C200DD4C85 /* Project object */;
			proxyType = 1;
			remoteGlobalIDString = A0C403AD253968C300DD4C85;
			remoteInfo = "Brick Buster";
		};
/* End PBXContainerItemProxy section */

/* Begin PBXFileReference section */
		0F5D1E93253CC90D00D35998 /* Paddle.swift */ = {isa = PBXFileReference; lastKnownFileType = sourcecode.swift; path = Paddle.swift; sourceTree = "<group>"; };
		0F5D1E98253CD09D00D35998 /* Maps.swift */ = {isa = PBXFileReference; lastKnownFileType = sourcecode.swift; path = Maps.swift; sourceTree = "<group>"; };
		0F6EE5BE253A239500883121 /* Defination.swift */ = {isa = PBXFileReference; lastKnownFileType = sourcecode.swift; path = Defination.swift; sourceTree = "<group>"; };
		0F6EE5C3253A23AF00883121 /* Ball.swift */ = {isa = PBXFileReference; lastKnownFileType = sourcecode.swift; path = Ball.swift; sourceTree = "<group>"; };
		0F7811F8253A2B3F006E96CE /* Brick.swift */ = {isa = PBXFileReference; lastKnownFileType = sourcecode.swift; path = Brick.swift; sourceTree = "<group>"; };
		0FA25F9E25472C010082FDBC /* Fire.sks */ = {isa = PBXFileReference; lastKnownFileType = file.sks; path = Fire.sks; sourceTree = "<group>"; };
		0FC76494254087D70020B4B8 /* WaitingForGameStart.swift */ = {isa = PBXFileReference; lastKnownFileType = sourcecode.swift; path = WaitingForGameStart.swift; sourceTree = "<group>"; };
		0FC76499254088440020B4B8 /* PlayingGame.swift */ = {isa = PBXFileReference; lastKnownFileType = sourcecode.swift; path = PlayingGame.swift; sourceTree = "<group>"; };
		0FC7649E254088800020B4B8 /* GameOver.swift */ = {isa = PBXFileReference; lastKnownFileType = sourcecode.swift; path = GameOver.swift; sourceTree = "<group>"; };
		A0C403AE253968C300DD4C85 /* Brick Buster.app */ = {isa = PBXFileReference; explicitFileType = wrapper.application; includeInIndex = 0; path = "Brick Buster.app"; sourceTree = BUILT_PRODUCTS_DIR; };
		A0C403B1253968C300DD4C85 /* AppDelegate.swift */ = {isa = PBXFileReference; lastKnownFileType = sourcecode.swift; path = AppDelegate.swift; sourceTree = "<group>"; };
		A0C403B3253968C300DD4C85 /* GameScene.sks */ = {isa = PBXFileReference; lastKnownFileType = file.sks; path = GameScene.sks; sourceTree = "<group>"; };
		A0C403B5253968C300DD4C85 /* Actions.sks */ = {isa = PBXFileReference; lastKnownFileType = file.sks; path = Actions.sks; sourceTree = "<group>"; };
		A0C403B7253968C300DD4C85 /* GameScene.swift */ = {isa = PBXFileReference; lastKnownFileType = sourcecode.swift; path = GameScene.swift; sourceTree = "<group>"; };
		A0C403B9253968C300DD4C85 /* GameViewController.swift */ = {isa = PBXFileReference; lastKnownFileType = sourcecode.swift; path = GameViewController.swift; sourceTree = "<group>"; };
		A0C403BC253968C300DD4C85 /* Base */ = {isa = PBXFileReference; lastKnownFileType = file.storyboard; name = Base; path = Base.lproj/Main.storyboard; sourceTree = "<group>"; };
		A0C403BE253968CA00DD4C85 /* Assets.xcassets */ = {isa = PBXFileReference; lastKnownFileType = folder.assetcatalog; path = Assets.xcassets; sourceTree = "<group>"; };
		A0C403C1253968CA00DD4C85 /* Base */ = {isa = PBXFileReference; lastKnownFileType = file.storyboard; name = Base; path = Base.lproj/LaunchScreen.storyboard; sourceTree = "<group>"; };
		A0C403C3253968CA00DD4C85 /* Info.plist */ = {isa = PBXFileReference; lastKnownFileType = text.plist.xml; path = Info.plist; sourceTree = "<group>"; };
		A0C403C8253968CA00DD4C85 /* Brick BusterTests.xctest */ = {isa = PBXFileReference; explicitFileType = wrapper.cfbundle; includeInIndex = 0; path = "Brick BusterTests.xctest"; sourceTree = BUILT_PRODUCTS_DIR; };
		A0C403CC253968CA00DD4C85 /* Brick_BusterTests.swift */ = {isa = PBXFileReference; lastKnownFileType = sourcecode.swift; path = Brick_BusterTests.swift; sourceTree = "<group>"; };
		A0C403CE253968CA00DD4C85 /* Info.plist */ = {isa = PBXFileReference; lastKnownFileType = text.plist.xml; path = Info.plist; sourceTree = "<group>"; };
		A0C403D3253968CA00DD4C85 /* Brick BusterUITests.xctest */ = {isa = PBXFileReference; explicitFileType = wrapper.cfbundle; includeInIndex = 0; path = "Brick BusterUITests.xctest"; sourceTree = BUILT_PRODUCTS_DIR; };
		A0C403D7253968CA00DD4C85 /* Brick_BusterUITests.swift */ = {isa = PBXFileReference; lastKnownFileType = sourcecode.swift; path = Brick_BusterUITests.swift; sourceTree = "<group>"; };
		A0C403D9253968CA00DD4C85 /* Info.plist */ = {isa = PBXFileReference; lastKnownFileType = text.plist.xml; path = Info.plist; sourceTree = "<group>"; };
		A0C403E525396F4B00DD4C85 /* MainViewController.swift */ = {isa = PBXFileReference; lastKnownFileType = sourcecode.swift; path = MainViewController.swift; sourceTree = "<group>"; };
		A0C403E72539734900DD4C85 /* StageViewController.swift */ = {isa = PBXFileReference; lastKnownFileType = sourcecode.swift; path = StageViewController.swift; sourceTree = "<group>"; };
		A0C403E92539F88F00DD4C85 /* LoginViewController.swift */ = {isa = PBXFileReference; lastKnownFileType = sourcecode.swift; path = LoginViewController.swift; sourceTree = "<group>"; };
		A0C403EB2539FD0F00DD4C85 /* StoreViewController.swift */ = {isa = PBXFileReference; lastKnownFileType = sourcecode.swift; path = StoreViewController.swift; sourceTree = "<group>"; };
		A0E762242543F2D000CDDE29 /* BlueButton.swift */ = {isa = PBXFileReference; lastKnownFileType = sourcecode.swift; path = BlueButton.swift; sourceTree = "<group>"; };
		A0E762262543F54900CDDE29 /* Styles.swift */ = {isa = PBXFileReference; lastKnownFileType = sourcecode.swift; path = Styles.swift; sourceTree = "<group>"; };
		A0E762282543FA1100CDDE29 /* LoginText.swift */ = {isa = PBXFileReference; lastKnownFileType = sourcecode.swift; path = LoginText.swift; sourceTree = "<group>"; };
		A0E7622A2544BECA00CDDE29 /* GreenButton.swift */ = {isa = PBXFileReference; lastKnownFileType = sourcecode.swift; path = GreenButton.swift; sourceTree = "<group>"; };
		A0E7622C2544C2B800CDDE29 /* RankButton.swift */ = {isa = PBXFileReference; lastKnownFileType = sourcecode.swift; path = RankButton.swift; sourceTree = "<group>"; };
		A0E7622E2544CB9D00CDDE29 /* SettingButton.swift */ = {isa = PBXFileReference; lastKnownFileType = sourcecode.swift; path = SettingButton.swift; sourceTree = "<group>"; };
		A0E762302544CF4700CDDE29 /* RedButton.swift */ = {isa = PBXFileReference; lastKnownFileType = sourcecode.swift; path = RedButton.swift; sourceTree = "<group>"; };
		A0E762322544D1A000CDDE29 /* RankViewController.swift */ = {isa = PBXFileReference; lastKnownFileType = sourcecode.swift; path = RankViewController.swift; sourceTree = "<group>"; };
		A0E762342544D45600CDDE29 /* SettingViewController.swift */ = {isa = PBXFileReference; lastKnownFileType = sourcecode.swift; path = SettingViewController.swift; sourceTree = "<group>"; };
		A0E7623625451B2600CDDE29 /* StageCollectionViewCell.swift */ = {isa = PBXFileReference; lastKnownFileType = sourcecode.swift; path = StageCollectionViewCell.swift; sourceTree = "<group>"; };
		A0E7623725451B2600CDDE29 /* StageCollectionViewCell.xib */ = {isa = PBXFileReference; lastKnownFileType = file.xib; path = StageCollectionViewCell.xib; sourceTree = "<group>"; };
		A0E7623A2545395B00CDDE29 /* btn_click_sound.mp3 */ = {isa = PBXFileReference; lastKnownFileType = audio.mp3; path = btn_click_sound.mp3; sourceTree = "<group>"; };
		A0E7623E25454AEB00CDDE29 /* Astronomia.mp3 */ = {isa = PBXFileReference; lastKnownFileType = audio.mp3; path = Astronomia.mp3; sourceTree = "<group>"; };
		EB84F7A62540CF6800321F6D /* Tools.swift */ = {isa = PBXFileReference; lastKnownFileType = sourcecode.swift; path = Tools.swift; sourceTree = "<group>"; };
		EB84F7C325460C5D00321F6D /* Break Block.sks */ = {isa = PBXFileReference; lastKnownFileType = file.sks; path = "Break Block.sks"; sourceTree = "<group>"; };
		EB84F7C425460C5D00321F6D /* Assets.xcassets */ = {isa = PBXFileReference; lastKnownFileType = folder.assetcatalog; path = Assets.xcassets; sourceTree = "<group>"; };
		EB84F7F32548905800321F6D /* DDB.swift */ = {isa = PBXFileReference; lastKnownFileType = sourcecode.swift; path = DDB.swift; sourceTree = "<group>"; };
		EBF3AC29253CE61D0006C931 /* Prop.swift */ = {isa = PBXFileReference; lastKnownFileType = sourcecode.swift; path = Prop.swift; sourceTree = "<group>"; };
/* End PBXFileReference section */

/* Begin PBXFrameworksBuildPhase section */
		A0C403AB253968C300DD4C85 /* Frameworks */ = {
			isa = PBXFrameworksBuildPhase;
			buildActionMask = 2147483647;
			files = (
				EB84F7EF2548901400321F6D /* DynamoDB in Frameworks */,
			);
			runOnlyForDeploymentPostprocessing = 0;
		};
		A0C403C5253968CA00DD4C85 /* Frameworks */ = {
			isa = PBXFrameworksBuildPhase;
			buildActionMask = 2147483647;
			files = (
			);
			runOnlyForDeploymentPostprocessing = 0;
		};
		A0C403D0253968CA00DD4C85 /* Frameworks */ = {
			isa = PBXFrameworksBuildPhase;
			buildActionMask = 2147483647;
			files = (
			);
			runOnlyForDeploymentPostprocessing = 0;
		};
/* End PBXFrameworksBuildPhase section */

/* Begin PBXGroup section */
		0F6EE5BA253A22FF00883121 /* Game */ = {
			isa = PBXGroup;
			children = (
				EB84F7AE25460AAD00321F6D /* SKS */,
				0FC76493254087BD0020B4B8 /* GameStates */,
				0F7811FD253CBF3E006E96CE /* GameElements */,
				A0C403B9253968C300DD4C85 /* GameViewController.swift */,
				A0C403B7253968C300DD4C85 /* GameScene.swift */,
			);
			path = Game;
			sourceTree = "<group>";
		};
		0F7811FD253CBF3E006E96CE /* GameElements */ = {
			isa = PBXGroup;
			children = (
				0F6EE5BE253A239500883121 /* Defination.swift */,
				0F6EE5C3253A23AF00883121 /* Ball.swift */,
				0F7811F8253A2B3F006E96CE /* Brick.swift */,
				0F5D1E93253CC90D00D35998 /* Paddle.swift */,
				0F5D1E98253CD09D00D35998 /* Maps.swift */,
				EBF3AC29253CE61D0006C931 /* Prop.swift */,
			);
			path = GameElements;
			sourceTree = "<group>";
		};
		0FC76493254087BD0020B4B8 /* GameStates */ = {
			isa = PBXGroup;
			children = (
				0FC76494254087D70020B4B8 /* WaitingForGameStart.swift */,
				0FC76499254088440020B4B8 /* PlayingGame.swift */,
				0FC7649E254088800020B4B8 /* GameOver.swift */,
			);
			path = GameStates;
			sourceTree = "<group>";
		};
		A0C403A5253968C200DD4C85 = {
			isa = PBXGroup;
			children = (
				A0C403B0253968C300DD4C85 /* Brick Buster */,
				A0C403CB253968CA00DD4C85 /* Brick BusterTests */,
				A0C403D6253968CA00DD4C85 /* Brick BusterUITests */,
				A0C403AF253968C300DD4C85 /* Products */,
			);
			sourceTree = "<group>";
		};
		A0C403AF253968C300DD4C85 /* Products */ = {
			isa = PBXGroup;
			children = (
				A0C403AE253968C300DD4C85 /* Brick Buster.app */,
				A0C403C8253968CA00DD4C85 /* Brick BusterTests.xctest */,
				A0C403D3253968CA00DD4C85 /* Brick BusterUITests.xctest */,
			);
			name = Products;
			sourceTree = "<group>";
		};
		A0C403B0253968C300DD4C85 /* Brick Buster */ = {
			isa = PBXGroup;
			children = (
				EB84F7A52540CF5500321F6D /* Tools */,
				EB84F7E125488C9A00321F6D /* DB */,
				A0E7623E25454AEB00CDDE29 /* Astronomia.mp3 */,
				A0E7623A2545395B00CDDE29 /* btn_click_sound.mp3 */,
				0F6EE5BA253A22FF00883121 /* Game */,
				A0C403B1253968C300DD4C85 /* AppDelegate.swift */,
				A0C403B3253968C300DD4C85 /* GameScene.sks */,
				A0C403B5253968C300DD4C85 /* Actions.sks */,
				A0C403BB253968C300DD4C85 /* Main.storyboard */,
				A0C403BE253968CA00DD4C85 /* Assets.xcassets */,
				A0C403C0253968CA00DD4C85 /* LaunchScreen.storyboard */,
				A0C403C3253968CA00DD4C85 /* Info.plist */,
				A0C403E525396F4B00DD4C85 /* MainViewController.swift */,
				A0C403E92539F88F00DD4C85 /* LoginViewController.swift */,
				A0C403E72539734900DD4C85 /* StageViewController.swift */,
				A0C403EB2539FD0F00DD4C85 /* StoreViewController.swift */,
				A0E762322544D1A000CDDE29 /* RankViewController.swift */,
				A0E762342544D45600CDDE29 /* SettingViewController.swift */,
				A0E762262543F54900CDDE29 /* Styles.swift */,
				A0E762282543FA1100CDDE29 /* LoginText.swift */,
				A0E762242543F2D000CDDE29 /* BlueButton.swift */,
				A0E7622A2544BECA00CDDE29 /* GreenButton.swift */,
				A0E7622C2544C2B800CDDE29 /* RankButton.swift */,
				A0E7622E2544CB9D00CDDE29 /* SettingButton.swift */,
				A0E762302544CF4700CDDE29 /* RedButton.swift */,
				A0E7623625451B2600CDDE29 /* StageCollectionViewCell.swift */,
				A0E7623725451B2600CDDE29 /* StageCollectionViewCell.xib */,
			);
			path = "Brick Buster";
			sourceTree = "<group>";
		};
		A0C403CB253968CA00DD4C85 /* Brick BusterTests */ = {
			isa = PBXGroup;
			children = (
				A0C403CC253968CA00DD4C85 /* Brick_BusterTests.swift */,
				A0C403CE253968CA00DD4C85 /* Info.plist */,
			);
			path = "Brick BusterTests";
			sourceTree = "<group>";
		};
		A0C403D6253968CA00DD4C85 /* Brick BusterUITests */ = {
			isa = PBXGroup;
			children = (
				A0C403D7253968CA00DD4C85 /* Brick_BusterUITests.swift */,
				A0C403D9253968CA00DD4C85 /* Info.plist */,
			);
			path = "Brick BusterUITests";
			sourceTree = "<group>";
		};
		EB84F7A52540CF5500321F6D /* Tools */ = {
			isa = PBXGroup;
			children = (
				EB84F7A62540CF6800321F6D /* Tools.swift */,
			);
			path = Tools;
			sourceTree = "<group>";
		};
		EB84F7AE25460AAD00321F6D /* SKS */ = {
			isa = PBXGroup;
			children = (
				0FA25F9E25472C010082FDBC /* Fire.sks */,
				EB84F7C325460C5D00321F6D /* Break Block.sks */,
				EB84F7C425460C5D00321F6D /* Assets.xcassets */,
			);
			path = SKS;
			sourceTree = "<group>";
		};
		EB84F7E125488C9A00321F6D /* DB */ = {
			isa = PBXGroup;
			children = (
				EB84F7F32548905800321F6D /* DDB.swift */,
			);
			path = DB;
			sourceTree = "<group>";
		};
/* End PBXGroup section */

/* Begin PBXNativeTarget section */
		A0C403AD253968C300DD4C85 /* Brick Buster */ = {
			isa = PBXNativeTarget;
			buildConfigurationList = A0C403DC253968CA00DD4C85 /* Build configuration list for PBXNativeTarget "Brick Buster" */;
			buildPhases = (
				A0C403AA253968C300DD4C85 /* Sources */,
				A0C403AB253968C300DD4C85 /* Frameworks */,
				A0C403AC253968C300DD4C85 /* Resources */,
			);
			buildRules = (
			);
			dependencies = (
			);
			name = "Brick Buster";
			packageProductDependencies = (
				EB84F7EE2548901400321F6D /* DynamoDB */,
			);
			productName = "Brick Buster";
			productReference = A0C403AE253968C300DD4C85 /* Brick Buster.app */;
			productType = "com.apple.product-type.application";
		};
		A0C403C7253968CA00DD4C85 /* Brick BusterTests */ = {
			isa = PBXNativeTarget;
			buildConfigurationList = A0C403DF253968CA00DD4C85 /* Build configuration list for PBXNativeTarget "Brick BusterTests" */;
			buildPhases = (
				A0C403C4253968CA00DD4C85 /* Sources */,
				A0C403C5253968CA00DD4C85 /* Frameworks */,
				A0C403C6253968CA00DD4C85 /* Resources */,
			);
			buildRules = (
			);
			dependencies = (
				A0C403CA253968CA00DD4C85 /* PBXTargetDependency */,
			);
			name = "Brick BusterTests";
			productName = "Brick BusterTests";
			productReference = A0C403C8253968CA00DD4C85 /* Brick BusterTests.xctest */;
			productType = "com.apple.product-type.bundle.unit-test";
		};
		A0C403D2253968CA00DD4C85 /* Brick BusterUITests */ = {
			isa = PBXNativeTarget;
			buildConfigurationList = A0C403E2253968CA00DD4C85 /* Build configuration list for PBXNativeTarget "Brick BusterUITests" */;
			buildPhases = (
				A0C403CF253968CA00DD4C85 /* Sources */,
				A0C403D0253968CA00DD4C85 /* Frameworks */,
				A0C403D1253968CA00DD4C85 /* Resources */,
			);
			buildRules = (
			);
			dependencies = (
				A0C403D5253968CA00DD4C85 /* PBXTargetDependency */,
			);
			name = "Brick BusterUITests";
			productName = "Brick BusterUITests";
			productReference = A0C403D3253968CA00DD4C85 /* Brick BusterUITests.xctest */;
			productType = "com.apple.product-type.bundle.ui-testing";
		};
/* End PBXNativeTarget section */

/* Begin PBXProject section */
		A0C403A6253968C200DD4C85 /* Project object */ = {
			isa = PBXProject;
			attributes = {
				LastSwiftUpdateCheck = 1170;
				LastUpgradeCheck = 1170;
				ORGANIZATIONNAME = tra;
				TargetAttributes = {
					A0C403AD253968C300DD4C85 = {
						CreatedOnToolsVersion = 11.7;
					};
					A0C403C7253968CA00DD4C85 = {
						CreatedOnToolsVersion = 11.7;
						TestTargetID = A0C403AD253968C300DD4C85;
					};
					A0C403D2253968CA00DD4C85 = {
						CreatedOnToolsVersion = 11.7;
						TestTargetID = A0C403AD253968C300DD4C85;
					};
				};
			};
			buildConfigurationList = A0C403A9253968C300DD4C85 /* Build configuration list for PBXProject "Brick Buster" */;
			compatibilityVersion = "Xcode 9.3";
			developmentRegion = en;
			hasScannedForEncodings = 0;
			knownRegions = (
				en,
				Base,
			);
			mainGroup = A0C403A5253968C200DD4C85;
			packageReferences = (
				EB84F7ED2548901400321F6D /* XCRemoteSwiftPackageReference "soto" */,
			);
			productRefGroup = A0C403AF253968C300DD4C85 /* Products */;
			projectDirPath = "";
			projectRoot = "";
			targets = (
				A0C403AD253968C300DD4C85 /* Brick Buster */,
				A0C403C7253968CA00DD4C85 /* Brick BusterTests */,
				A0C403D2253968CA00DD4C85 /* Brick BusterUITests */,
			);
		};
/* End PBXProject section */

/* Begin PBXResourcesBuildPhase section */
		A0C403AC253968C300DD4C85 /* Resources */ = {
			isa = PBXResourcesBuildPhase;
			buildActionMask = 2147483647;
			files = (
				0FA25F9F25472C010082FDBC /* Fire.sks in Resources */,
				A0C403BD253968C300DD4C85 /* Main.storyboard in Resources */,
				A0E7623F25454AEC00CDDE29 /* Astronomia.mp3 in Resources */,
				A0C403B4253968C300DD4C85 /* GameScene.sks in Resources */,
				A0C403BF253968CA00DD4C85 /* Assets.xcassets in Resources */,
				A0E7623B2545395B00CDDE29 /* btn_click_sound.mp3 in Resources */,
				EB84F7C525460C5D00321F6D /* Break Block.sks in Resources */,
				A0C403B4253968C300DD4C85 /* GameScene.sks in Resources */,
				A0C403BF253968CA00DD4C85 /* Assets.xcassets in Resources */,
				EB84F7C625460C5D00321F6D /* Assets.xcassets in Resources */,
				A0C403C2253968CA00DD4C85 /* LaunchScreen.storyboard in Resources */,
				A0C403B6253968C300DD4C85 /* Actions.sks in Resources */,
				A0E7623925451B2600CDDE29 /* StageCollectionViewCell.xib in Resources */,
			);
			runOnlyForDeploymentPostprocessing = 0;
		};
		A0C403C6253968CA00DD4C85 /* Resources */ = {
			isa = PBXResourcesBuildPhase;
			buildActionMask = 2147483647;
			files = (
			);
			runOnlyForDeploymentPostprocessing = 0;
		};
		A0C403D1253968CA00DD4C85 /* Resources */ = {
			isa = PBXResourcesBuildPhase;
			buildActionMask = 2147483647;
			files = (
			);
			runOnlyForDeploymentPostprocessing = 0;
		};
/* End PBXResourcesBuildPhase section */

/* Begin PBXSourcesBuildPhase section */
		A0C403AA253968C300DD4C85 /* Sources */ = {
			isa = PBXSourcesBuildPhase;
			buildActionMask = 2147483647;
			files = (
				A0E762272543F54900CDDE29 /* Styles.swift in Sources */,
				A0C403EA2539F88F00DD4C85 /* LoginViewController.swift in Sources */,
				A0E7622B2544BECA00CDDE29 /* GreenButton.swift in Sources */,
				A0E762352544D45600CDDE29 /* SettingViewController.swift in Sources */,
				A0E7623825451B2600CDDE29 /* StageCollectionViewCell.swift in Sources */,
				A0E7622D2544C2B800CDDE29 /* RankButton.swift in Sources */,
				A0E7622F2544CB9D00CDDE29 /* SettingButton.swift in Sources */,
				A0E762332544D1A000CDDE29 /* RankViewController.swift in Sources */,
				A0E762252543F2D000CDDE29 /* BlueButton.swift in Sources */,
				0F5D1E94253CC90E00D35998 /* Paddle.swift in Sources */,
				EB84F7F42548905800321F6D /* DDB.swift in Sources */,
				0F5D1E99253CD09D00D35998 /* Maps.swift in Sources */,
				EBF3AC2A253CE61D0006C931 /* Prop.swift in Sources */,
				0F7811F9253A2B3F006E96CE /* Brick.swift in Sources */,
				A0C403B8253968C300DD4C85 /* GameScene.swift in Sources */,
				A0E762312544CF4700CDDE29 /* RedButton.swift in Sources */,
				A0C403BA253968C300DD4C85 /* GameViewController.swift in Sources */,
				0FC7649A254088440020B4B8 /* PlayingGame.swift in Sources */,
				EB84F7A72540CF6800321F6D /* Tools.swift in Sources */,
				A0C403E82539734900DD4C85 /* StageViewController.swift in Sources */,
				0FC76495254087D70020B4B8 /* WaitingForGameStart.swift in Sources */,
				0F6EE5BF253A239500883121 /* Defination.swift in Sources */,
				A0C403B2253968C300DD4C85 /* AppDelegate.swift in Sources */,
				0F6EE5C4253A23AF00883121 /* Ball.swift in Sources */,
				A0C403E625396F4B00DD4C85 /* MainViewController.swift in Sources */,
				A0E762292543FA1100CDDE29 /* LoginText.swift in Sources */,
				A0C403EC2539FD0F00DD4C85 /* StoreViewController.swift in Sources */,
				0FC7649F254088800020B4B8 /* GameOver.swift in Sources */,
			);
			runOnlyForDeploymentPostprocessing = 0;
		};
		A0C403C4253968CA00DD4C85 /* Sources */ = {
			isa = PBXSourcesBuildPhase;
			buildActionMask = 2147483647;
			files = (
				A0C403CD253968CA00DD4C85 /* Brick_BusterTests.swift in Sources */,
			);
			runOnlyForDeploymentPostprocessing = 0;
		};
		A0C403CF253968CA00DD4C85 /* Sources */ = {
			isa = PBXSourcesBuildPhase;
			buildActionMask = 2147483647;
			files = (
				A0C403D8253968CA00DD4C85 /* Brick_BusterUITests.swift in Sources */,
			);
			runOnlyForDeploymentPostprocessing = 0;
		};
/* End PBXSourcesBuildPhase section */

/* Begin PBXTargetDependency section */
		A0C403CA253968CA00DD4C85 /* PBXTargetDependency */ = {
			isa = PBXTargetDependency;
			target = A0C403AD253968C300DD4C85 /* Brick Buster */;
			targetProxy = A0C403C9253968CA00DD4C85 /* PBXContainerItemProxy */;
		};
		A0C403D5253968CA00DD4C85 /* PBXTargetDependency */ = {
			isa = PBXTargetDependency;
			target = A0C403AD253968C300DD4C85 /* Brick Buster */;
			targetProxy = A0C403D4253968CA00DD4C85 /* PBXContainerItemProxy */;
		};
/* End PBXTargetDependency section */

/* Begin PBXVariantGroup section */
		A0C403BB253968C300DD4C85 /* Main.storyboard */ = {
			isa = PBXVariantGroup;
			children = (
				A0C403BC253968C300DD4C85 /* Base */,
			);
			name = Main.storyboard;
			sourceTree = "<group>";
		};
		A0C403C0253968CA00DD4C85 /* LaunchScreen.storyboard */ = {
			isa = PBXVariantGroup;
			children = (
				A0C403C1253968CA00DD4C85 /* Base */,
			);
			name = LaunchScreen.storyboard;
			sourceTree = "<group>";
		};
/* End PBXVariantGroup section */

/* Begin XCBuildConfiguration section */
		A0C403DA253968CA00DD4C85 /* Debug */ = {
			isa = XCBuildConfiguration;
			buildSettings = {
				ALWAYS_SEARCH_USER_PATHS = NO;
				CLANG_ANALYZER_NONNULL = YES;
				CLANG_ANALYZER_NUMBER_OBJECT_CONVERSION = YES_AGGRESSIVE;
				CLANG_CXX_LANGUAGE_STANDARD = "gnu++14";
				CLANG_CXX_LIBRARY = "libc++";
				CLANG_ENABLE_MODULES = YES;
				CLANG_ENABLE_OBJC_ARC = YES;
				CLANG_ENABLE_OBJC_WEAK = YES;
				CLANG_WARN_BLOCK_CAPTURE_AUTORELEASING = YES;
				CLANG_WARN_BOOL_CONVERSION = YES;
				CLANG_WARN_COMMA = YES;
				CLANG_WARN_CONSTANT_CONVERSION = YES;
				CLANG_WARN_DEPRECATED_OBJC_IMPLEMENTATIONS = YES;
				CLANG_WARN_DIRECT_OBJC_ISA_USAGE = YES_ERROR;
				CLANG_WARN_DOCUMENTATION_COMMENTS = YES;
				CLANG_WARN_EMPTY_BODY = YES;
				CLANG_WARN_ENUM_CONVERSION = YES;
				CLANG_WARN_INFINITE_RECURSION = YES;
				CLANG_WARN_INT_CONVERSION = YES;
				CLANG_WARN_NON_LITERAL_NULL_CONVERSION = YES;
				CLANG_WARN_OBJC_IMPLICIT_RETAIN_SELF = YES;
				CLANG_WARN_OBJC_LITERAL_CONVERSION = YES;
				CLANG_WARN_OBJC_ROOT_CLASS = YES_ERROR;
				CLANG_WARN_RANGE_LOOP_ANALYSIS = YES;
				CLANG_WARN_STRICT_PROTOTYPES = YES;
				CLANG_WARN_SUSPICIOUS_MOVE = YES;
				CLANG_WARN_UNGUARDED_AVAILABILITY = YES_AGGRESSIVE;
				CLANG_WARN_UNREACHABLE_CODE = YES;
				CLANG_WARN__DUPLICATE_METHOD_MATCH = YES;
				COPY_PHASE_STRIP = NO;
				DEBUG_INFORMATION_FORMAT = dwarf;
				ENABLE_STRICT_OBJC_MSGSEND = YES;
				ENABLE_TESTABILITY = YES;
				GCC_C_LANGUAGE_STANDARD = gnu11;
				GCC_DYNAMIC_NO_PIC = NO;
				GCC_NO_COMMON_BLOCKS = YES;
				GCC_OPTIMIZATION_LEVEL = 0;
				GCC_PREPROCESSOR_DEFINITIONS = (
					"DEBUG=1",
					"$(inherited)",
				);
				GCC_WARN_64_TO_32_BIT_CONVERSION = YES;
				GCC_WARN_ABOUT_RETURN_TYPE = YES_ERROR;
				GCC_WARN_UNDECLARED_SELECTOR = YES;
				GCC_WARN_UNINITIALIZED_AUTOS = YES_AGGRESSIVE;
				GCC_WARN_UNUSED_FUNCTION = YES;
				GCC_WARN_UNUSED_VARIABLE = YES;
				IPHONEOS_DEPLOYMENT_TARGET = 13.7;
				MTL_ENABLE_DEBUG_INFO = INCLUDE_SOURCE;
				MTL_FAST_MATH = YES;
				ONLY_ACTIVE_ARCH = YES;
				SDKROOT = iphoneos;
				SWIFT_ACTIVE_COMPILATION_CONDITIONS = DEBUG;
				SWIFT_OPTIMIZATION_LEVEL = "-Onone";
			};
			name = Debug;
		};
		A0C403DB253968CA00DD4C85 /* Release */ = {
			isa = XCBuildConfiguration;
			buildSettings = {
				ALWAYS_SEARCH_USER_PATHS = NO;
				CLANG_ANALYZER_NONNULL = YES;
				CLANG_ANALYZER_NUMBER_OBJECT_CONVERSION = YES_AGGRESSIVE;
				CLANG_CXX_LANGUAGE_STANDARD = "gnu++14";
				CLANG_CXX_LIBRARY = "libc++";
				CLANG_ENABLE_MODULES = YES;
				CLANG_ENABLE_OBJC_ARC = YES;
				CLANG_ENABLE_OBJC_WEAK = YES;
				CLANG_WARN_BLOCK_CAPTURE_AUTORELEASING = YES;
				CLANG_WARN_BOOL_CONVERSION = YES;
				CLANG_WARN_COMMA = YES;
				CLANG_WARN_CONSTANT_CONVERSION = YES;
				CLANG_WARN_DEPRECATED_OBJC_IMPLEMENTATIONS = YES;
				CLANG_WARN_DIRECT_OBJC_ISA_USAGE = YES_ERROR;
				CLANG_WARN_DOCUMENTATION_COMMENTS = YES;
				CLANG_WARN_EMPTY_BODY = YES;
				CLANG_WARN_ENUM_CONVERSION = YES;
				CLANG_WARN_INFINITE_RECURSION = YES;
				CLANG_WARN_INT_CONVERSION = YES;
				CLANG_WARN_NON_LITERAL_NULL_CONVERSION = YES;
				CLANG_WARN_OBJC_IMPLICIT_RETAIN_SELF = YES;
				CLANG_WARN_OBJC_LITERAL_CONVERSION = YES;
				CLANG_WARN_OBJC_ROOT_CLASS = YES_ERROR;
				CLANG_WARN_RANGE_LOOP_ANALYSIS = YES;
				CLANG_WARN_STRICT_PROTOTYPES = YES;
				CLANG_WARN_SUSPICIOUS_MOVE = YES;
				CLANG_WARN_UNGUARDED_AVAILABILITY = YES_AGGRESSIVE;
				CLANG_WARN_UNREACHABLE_CODE = YES;
				CLANG_WARN__DUPLICATE_METHOD_MATCH = YES;
				COPY_PHASE_STRIP = NO;
				DEBUG_INFORMATION_FORMAT = "dwarf-with-dsym";
				ENABLE_NS_ASSERTIONS = NO;
				ENABLE_STRICT_OBJC_MSGSEND = YES;
				GCC_C_LANGUAGE_STANDARD = gnu11;
				GCC_NO_COMMON_BLOCKS = YES;
				GCC_WARN_64_TO_32_BIT_CONVERSION = YES;
				GCC_WARN_ABOUT_RETURN_TYPE = YES_ERROR;
				GCC_WARN_UNDECLARED_SELECTOR = YES;
				GCC_WARN_UNINITIALIZED_AUTOS = YES_AGGRESSIVE;
				GCC_WARN_UNUSED_FUNCTION = YES;
				GCC_WARN_UNUSED_VARIABLE = YES;
				IPHONEOS_DEPLOYMENT_TARGET = 13.7;
				MTL_ENABLE_DEBUG_INFO = NO;
				MTL_FAST_MATH = YES;
				SDKROOT = iphoneos;
				SWIFT_COMPILATION_MODE = wholemodule;
				SWIFT_OPTIMIZATION_LEVEL = "-O";
				VALIDATE_PRODUCT = YES;
			};
			name = Release;
		};
		A0C403DD253968CA00DD4C85 /* Debug */ = {
			isa = XCBuildConfiguration;
			buildSettings = {
				ASSETCATALOG_COMPILER_APPICON_NAME = AppIcon;
				CODE_SIGN_STYLE = Automatic;
				INFOPLIST_FILE = "Brick Buster/Info.plist";
				LD_RUNPATH_SEARCH_PATHS = (
					"$(inherited)",
					"@executable_path/Frameworks",
				);
				PRODUCT_BUNDLE_IDENTIFIER = "tra.Brick-Buster";
				PRODUCT_NAME = "$(TARGET_NAME)";
				SWIFT_VERSION = 5.0;
				TARGETED_DEVICE_FAMILY = "1,2";
			};
			name = Debug;
		};
		A0C403DE253968CA00DD4C85 /* Release */ = {
			isa = XCBuildConfiguration;
			buildSettings = {
				ASSETCATALOG_COMPILER_APPICON_NAME = AppIcon;
				CODE_SIGN_STYLE = Automatic;
				INFOPLIST_FILE = "Brick Buster/Info.plist";
				LD_RUNPATH_SEARCH_PATHS = (
					"$(inherited)",
					"@executable_path/Frameworks",
				);
				PRODUCT_BUNDLE_IDENTIFIER = "tra.Brick-Buster";
				PRODUCT_NAME = "$(TARGET_NAME)";
				SWIFT_VERSION = 5.0;
				TARGETED_DEVICE_FAMILY = "1,2";
			};
			name = Release;
		};
		A0C403E0253968CA00DD4C85 /* Debug */ = {
			isa = XCBuildConfiguration;
			buildSettings = {
				ALWAYS_EMBED_SWIFT_STANDARD_LIBRARIES = YES;
				BUNDLE_LOADER = "$(TEST_HOST)";
				CODE_SIGN_STYLE = Automatic;
				INFOPLIST_FILE = "Brick BusterTests/Info.plist";
				IPHONEOS_DEPLOYMENT_TARGET = 13.7;
				LD_RUNPATH_SEARCH_PATHS = (
					"$(inherited)",
					"@executable_path/Frameworks",
					"@loader_path/Frameworks",
				);
				PRODUCT_BUNDLE_IDENTIFIER = "tra.Brick-BusterTests";
				PRODUCT_NAME = "$(TARGET_NAME)";
				SWIFT_VERSION = 5.0;
				TARGETED_DEVICE_FAMILY = "1,2";
				TEST_HOST = "$(BUILT_PRODUCTS_DIR)/Brick Buster.app/Brick Buster";
			};
			name = Debug;
		};
		A0C403E1253968CA00DD4C85 /* Release */ = {
			isa = XCBuildConfiguration;
			buildSettings = {
				ALWAYS_EMBED_SWIFT_STANDARD_LIBRARIES = YES;
				BUNDLE_LOADER = "$(TEST_HOST)";
				CODE_SIGN_STYLE = Automatic;
				INFOPLIST_FILE = "Brick BusterTests/Info.plist";
				IPHONEOS_DEPLOYMENT_TARGET = 13.7;
				LD_RUNPATH_SEARCH_PATHS = (
					"$(inherited)",
					"@executable_path/Frameworks",
					"@loader_path/Frameworks",
				);
				PRODUCT_BUNDLE_IDENTIFIER = "tra.Brick-BusterTests";
				PRODUCT_NAME = "$(TARGET_NAME)";
				SWIFT_VERSION = 5.0;
				TARGETED_DEVICE_FAMILY = "1,2";
				TEST_HOST = "$(BUILT_PRODUCTS_DIR)/Brick Buster.app/Brick Buster";
			};
			name = Release;
		};
		A0C403E3253968CA00DD4C85 /* Debug */ = {
			isa = XCBuildConfiguration;
			buildSettings = {
				ALWAYS_EMBED_SWIFT_STANDARD_LIBRARIES = YES;
				CODE_SIGN_STYLE = Automatic;
				INFOPLIST_FILE = "Brick BusterUITests/Info.plist";
				LD_RUNPATH_SEARCH_PATHS = (
					"$(inherited)",
					"@executable_path/Frameworks",
					"@loader_path/Frameworks",
				);
				PRODUCT_BUNDLE_IDENTIFIER = "tra.Brick-BusterUITests";
				PRODUCT_NAME = "$(TARGET_NAME)";
				SWIFT_VERSION = 5.0;
				TARGETED_DEVICE_FAMILY = "1,2";
				TEST_TARGET_NAME = "Brick Buster";
			};
			name = Debug;
		};
		A0C403E4253968CA00DD4C85 /* Release */ = {
			isa = XCBuildConfiguration;
			buildSettings = {
				ALWAYS_EMBED_SWIFT_STANDARD_LIBRARIES = YES;
				CODE_SIGN_STYLE = Automatic;
				INFOPLIST_FILE = "Brick BusterUITests/Info.plist";
				LD_RUNPATH_SEARCH_PATHS = (
					"$(inherited)",
					"@executable_path/Frameworks",
					"@loader_path/Frameworks",
				);
				PRODUCT_BUNDLE_IDENTIFIER = "tra.Brick-BusterUITests";
				PRODUCT_NAME = "$(TARGET_NAME)";
				SWIFT_VERSION = 5.0;
				TARGETED_DEVICE_FAMILY = "1,2";
				TEST_TARGET_NAME = "Brick Buster";
			};
			name = Release;
		};
/* End XCBuildConfiguration section */

/* Begin XCConfigurationList section */
		A0C403A9253968C300DD4C85 /* Build configuration list for PBXProject "Brick Buster" */ = {
			isa = XCConfigurationList;
			buildConfigurations = (
				A0C403DA253968CA00DD4C85 /* Debug */,
				A0C403DB253968CA00DD4C85 /* Release */,
			);
			defaultConfigurationIsVisible = 0;
			defaultConfigurationName = Release;
		};
		A0C403DC253968CA00DD4C85 /* Build configuration list for PBXNativeTarget "Brick Buster" */ = {
			isa = XCConfigurationList;
			buildConfigurations = (
				A0C403DD253968CA00DD4C85 /* Debug */,
				A0C403DE253968CA00DD4C85 /* Release */,
			);
			defaultConfigurationIsVisible = 0;
			defaultConfigurationName = Release;
		};
		A0C403DF253968CA00DD4C85 /* Build configuration list for PBXNativeTarget "Brick BusterTests" */ = {
			isa = XCConfigurationList;
			buildConfigurations = (
				A0C403E0253968CA00DD4C85 /* Debug */,
				A0C403E1253968CA00DD4C85 /* Release */,
			);
			defaultConfigurationIsVisible = 0;
			defaultConfigurationName = Release;
		};
		A0C403E2253968CA00DD4C85 /* Build configuration list for PBXNativeTarget "Brick BusterUITests" */ = {
			isa = XCConfigurationList;
			buildConfigurations = (
				A0C403E3253968CA00DD4C85 /* Debug */,
				A0C403E4253968CA00DD4C85 /* Release */,
			);
			defaultConfigurationIsVisible = 0;
			defaultConfigurationName = Release;
		};
/* End XCConfigurationList section */

/* Begin XCRemoteSwiftPackageReference section */
		EB84F7ED2548901400321F6D /* XCRemoteSwiftPackageReference "soto" */ = {
			isa = XCRemoteSwiftPackageReference;
			repositoryURL = "https://github.com/soto-project/soto.git";
			requirement = {
				kind = upToNextMajorVersion;
				minimumVersion = 4.9.0;
			};
		};
/* End XCRemoteSwiftPackageReference section */

/* Begin XCSwiftPackageProductDependency section */
		EB84F7EE2548901400321F6D /* DynamoDB */ = {
			isa = XCSwiftPackageProductDependency;
			package = EB84F7ED2548901400321F6D /* XCRemoteSwiftPackageReference "soto" */;
			productName = DynamoDB;
		};
/* End XCSwiftPackageProductDependency section */
	};
	rootObject = A0C403A6253968C200DD4C85 /* Project object */;
}
